
Microsoft Visual Studio Solution File, Format Version 12.00
# Visual Studio 15
VisualStudioVersion = 15.0.27130.2026
MinimumVisualStudioVersion = 10.0.40219.1
Project("{FAE04EC0-301F-11D3-BF4B-00C04F79EFBC}") = "xml list", "xml list\xml list.csproj", "{F5817C26-1DC3-4506-A241-E3F280F9ADF3}"
EndProject
Global
	GlobalSection(SolutionConfigurationPlatforms) = preSolution
		Debug|Any CPU = Debug|Any CPU
		Release|Any CPU = Release|Any CPU
	EndGlobalSection
	GlobalSection(ProjectConfigurationPlatforms) = postSolution
		{F5817C26-1DC3-4506-A241-E3F280F9ADF3}.Debug|Any CPU.ActiveCfg = Debug|Any CPU
		{F5817C26-1DC3-4506-A241-E3F280F9ADF3}.Debug|Any CPU.Build.0 = Debug|Any CPU
		{F5817C26-1DC3-4506-A241-E3F280F9ADF3}.Release|Any CPU.ActiveCfg = Release|Any CPU
		{F5817C26-1DC3-4506-A241-E3F280F9ADF3}.Release|Any CPU.Build.0 = Release|Any CPU
	EndGlobalSection
	GlobalSection(SolutionProperties) = preSolution
		HideSolutionNode = FALSE
	EndGlobalSection
	GlobalSection(ExtensibilityGlobals) = postSolution
		SolutionGuid = {5B70ACD9-5313-4061-988D-91D13CEC790A}
	EndGlobalSection
EndGlobal
